
Microsoft Visual Studio Solution File, Format Version 12.00
# Visual Studio Version 17
VisualStudioVersion = 17.0.31903.59
MinimumVisualStudioVersion = 10.0.40219.1
Project("{2150E333-8FDC-42A3-9474-1A3956D46DE8}") = "packages", "packages", "{BD1DE9D5-6FCD-4E97-9BE4-3BE6F0AFC8F0}"
EndProject
Project("{FAE04EC0-301F-11D3-BF4B-00C04F79EFBC}") = "eslint-config", "packages\eslint-config\eslint-config.csproj", "{059FD211-82C8-4CF2-B656-9515471675D9}"
EndProject
Global
	GlobalSection(SolutionConfigurationPlatforms) = preSolution
		Debug|Any CPU = Debug|Any CPU
		Release|Any CPU = Release|Any CPU
	EndGlobalSection
	GlobalSection(SolutionProperties) = preSolution
		HideSolutionNode = FALSE
	EndGlobalSection
	GlobalSection(ProjectConfigurationPlatforms) = postSolution
		{059FD211-82C8-4CF2-B656-9515471675D9}.Debug|Any CPU.ActiveCfg = Debug|Any CPU
		{059FD211-82C8-4CF2-B656-9515471675D9}.Debug|Any CPU.Build.0 = Debug|Any CPU
		{059FD211-82C8-4CF2-B656-9515471675D9}.Release|Any CPU.ActiveCfg = Release|Any CPU
		{059FD211-82C8-4CF2-B656-9515471675D9}.Release|Any CPU.Build.0 = Release|Any CPU
	EndGlobalSection
	GlobalSection(NestedProjects) = preSolution
		{059FD211-82C8-4CF2-B656-9515471675D9} = {BD1DE9D5-6FCD-4E97-9BE4-3BE6F0AFC8F0}
	EndGlobalSection
EndGlobal
