{
  "version": 1,
  "dependencies": {
    "net8.0": {
      "DarkPatterns.Build.Autoformat": {
        "type": "Direct",
        "requested": "[0.1.2, )",
        "resolved": "0.1.2",
        "contentHash": "o9BPP3aKRXKa5VKA33YD7LH+VWqnkXDh6SYImHCD1951Pi7AYjRTdRosCpfMrn25On3xoi+o/MDcj542TlLbsQ=="
      },
      "DarkPatterns.Build.Structure": {
        "type": "Direct",
        "requested": "[0.1.1, )",
        "resolved": "0.1.1",
        "contentHash": "Fjf/prTFdvr6HBJaLJUH526fUawWdSMi1u1SwXFhbxGOdDjnAsiBSgZAxf2LxXJ2B6u9y3tQjcC+SONa0ZLBew=="
      },
      "JsonPeek": {
        "type": "Direct",
        "requested": "[1.2.0, )",
        "resolved": "1.2.0",
        "contentHash": "Gv/px3/ZIew2598+VHJ2WV5ptkuO5j7vMhJwcL2cy2z2zsvQ5QsIj4PnEbBBCqZKsvhq/W2aUo9ulZsav7fyVw=="
      }
    }
  }
}