{
  "version": 1,
  "dependencies": {
    "net8.0": {
      "DarkPatterns.Build.Structure": {
        "type": "Direct",
        "requested": "[0.1.0, )",
        "resolved": "0.1.0",
        "contentHash": "KjXcBxhGkO+Zn7DaKANxAxgZMCdBURVApvJpiBtgSUfUrWE96n1TICJlm5j2rDjJe2p/EMz36QWL2PhpdW1u0w=="
      },
      "Microsoft.TemplateEngine.Tasks": {
        "type": "Direct",
        "requested": "[*, )",
        "resolved": "7.0.120",
        "contentHash": "nwDa8oHQ902bHgHrBzrcHHOhC1U7mLlOhPMsLJOYes3hSzDdkc0cmjxq/GrF+zcJPCbDP0fyC352BSf2Uke8qg=="
      }
    }
  }
}