{
  "version": 1,
  "dependencies": {
    "net8.0": {
      "DarkPatterns.Build.Autoformat": {
        "type": "Direct",
        "requested": "[0.1.2, )",
        "resolved": "0.1.2",
        "contentHash": "o9BPP3aKRXKa5VKA33YD7LH+VWqnkXDh6SYImHCD1951Pi7AYjRTdRosCpfMrn25On3xoi+o/MDcj542TlLbsQ=="
      },
      "DarkPatterns.Build.Structure": {
        "type": "Direct",
        "requested": "[0.1.1, )",
        "resolved": "0.1.1",
        "contentHash": "Fjf/prTFdvr6HBJaLJUH526fUawWdSMi1u1SwXFhbxGOdDjnAsiBSgZAxf2LxXJ2B6u9y3tQjcC+SONa0ZLBew=="
      },
      "Microsoft.TemplateEngine.Tasks": {
        "type": "Direct",
        "requested": "[*, )",
        "resolved": "7.0.120",
        "contentHash": "nwDa8oHQ902bHgHrBzrcHHOhC1U7mLlOhPMsLJOYes3hSzDdkc0cmjxq/GrF+zcJPCbDP0fyC352BSf2Uke8qg=="
      }
    }
  }
}