{
  "version": 1,
  "dependencies": {
    "net8.0": {
      "DarkPatterns.Build.Autoformat": {
        "type": "Direct",
        "requested": "[0.2.0, )",
        "resolved": "0.2.0",
        "contentHash": "7PoernGGegieVMEjS3fgWWYKnMUyEB/ybst1/WshRbQYd5NA9JCGxMAOOowR5X5PgXPnNa+J44C0oVjZjTFaAQ=="
      },
      "DarkPatterns.Build.Structure": {
        "type": "Direct",
        "requested": "[0.1.1, )",
        "resolved": "0.1.1",
        "contentHash": "EDLwiRYZMbK0ehlblP64WJYi44r4TyvkzilYopwu7ak1elImui9TL5qN7kj/x9u7tgLk+p1/dDJdazWUE9fRnA=="
      },
      "Microsoft.TemplateEngine.Tasks": {
        "type": "Direct",
        "requested": "[*, )",
        "resolved": "7.0.120",
        "contentHash": "nwDa8oHQ902bHgHrBzrcHHOhC1U7mLlOhPMsLJOYes3hSzDdkc0cmjxq/GrF+zcJPCbDP0fyC352BSf2Uke8qg=="
      }
    }
  }
}